{
  "nodes": {
    "dream2nix": {
      "inputs": {
        "gomod2nix": "gomod2nix",
        "mach-nix": "mach-nix",
        "nix-parsec": "nix-parsec",
        "nixpkgs": [
          "nixpkgs"
        ],
        "node2nix": "node2nix",
        "poetry2nix": "poetry2nix"
      },
      "locked": {
        "lastModified": 1639504136,
        "narHash": "sha256-qn4S6/OLdz2U40VAcpAkQ9iUnUcaAuJNf2K+1Z4wprI=",
        "owner": "yusdacra",
        "repo": "dream2nix",
        "rev": "9cdfb1f7321d0b706f22df16f0ddf7f39427a7cd",
        "type": "github"
      },
      "original": {
        "owner": "yusdacra",
        "ref": "fix/build-rust-package",
        "repo": "dream2nix",
        "type": "github"
      }
    },
    "gomod2nix": {
      "flake": false,
      "locked": {
        "lastModified": 1627572165,
        "narHash": "sha256-MFpwnkvQpauj799b4QTBJQFEddbD02+Ln5k92QyHOSk=",
        "owner": "tweag",
        "repo": "gomod2nix",
        "rev": "67f22dd738d092c6ba88e420350ada0ed4992ae8",
        "type": "github"
      },
      "original": {
        "owner": "tweag",
        "repo": "gomod2nix",
        "type": "github"
      }
    },
    "mach-nix": {
      "flake": false,
      "locked": {
        "lastModified": 1634711045,
        "narHash": "sha256-m5A2Ty88NChLyFhXucECj6+AuiMZPHXNbw+9Kcs7F6Y=",
        "owner": "DavHau",
        "repo": "mach-nix",
        "rev": "4433f74a97b94b596fa6cd9b9c0402104aceef5d",
        "type": "github"
      },
      "original": {
        "id": "mach-nix",
        "type": "indirect"
      }
    },
    "mozillapkgs": {
      "flake": false,
      "locked": {
        "lastModified": 1637337116,
        "narHash": "sha256-LKqAcdL+woWeYajs02bDQ7q8rsqgXuzhC354NoRaV80=",
        "owner": "mozilla",
        "repo": "nixpkgs-mozilla",
        "rev": "cbc7435f5b0b3d17b16fb1d20cf7b616eec5e093",
        "type": "github"
      },
      "original": {
        "owner": "mozilla",
        "repo": "nixpkgs-mozilla",
        "type": "github"
      }
    },
    "naersk": {
      "inputs": {
        "nixpkgs": "nixpkgs"
      },
      "locked": {
        "lastModified": 1638203339,
        "narHash": "sha256-Sz3iCvbWrVWOD/XfYQeRJgP/7MVYL3/VKsNXvDeWBFc=",
        "owner": "nix-community",
        "repo": "naersk",
        "rev": "c3e56b8a4ffb6d906cdfcfee034581f9a8ece571",
        "type": "github"
      },
      "original": {
        "owner": "nix-community",
        "repo": "naersk",
        "type": "github"
      }
    },
    "nix-parsec": {
      "flake": false,
      "locked": {
        "lastModified": 1635533376,
        "narHash": "sha256-/HrG0UPGnI5VdkhrNrpDiM2+nhdL6lD/bqyGtYv0QDE=",
        "owner": "nprindle",
        "repo": "nix-parsec",
        "rev": "1bf25dd9c5de1257a1c67de3c81c96d05e8beb5e",
        "type": "github"
      },
      "original": {
        "owner": "nprindle",
        "repo": "nix-parsec",
        "type": "github"
      }
    },
    "nixpkgs": {
      "locked": {
        "lastModified": 1638036800,
        "narHash": "sha256-7OrJP3haqposNbn3d8Ut3TaQaYXJaJ231+X2GH6xoh0=",
        "path": "/nix/store/w8kp192fpmikv9y21gnr448wlsjbikdm-source",
        "rev": "7abd52203daad8d9f59158a9611b98692792d700",
        "type": "path"
      },
      "original": {
        "id": "nixpkgs",
        "type": "indirect"
      }
    },
    "nixpkgs_2": {
      "locked": {
        "lastModified": 1638036800,
        "narHash": "sha256-7OrJP3haqposNbn3d8Ut3TaQaYXJaJ231+X2GH6xoh0=",
        "path": "/nix/store/w8kp192fpmikv9y21gnr448wlsjbikdm-source",
        "rev": "7abd52203daad8d9f59158a9611b98692792d700",
        "type": "path"
      },
      "original": {
        "id": "nixpkgs",
        "type": "indirect"
      }
    },
    "node2nix": {
      "flake": false,
      "locked": {
        "lastModified": 1634916276,
        "narHash": "sha256-lov2b/8ydYjq+MhKQugmWV2lFnq35AU5RTRBTfLq7B4=",
        "owner": "svanderburg",
        "repo": "node2nix",
        "rev": "644e90c0304038a446ed53efc97e9eb1e2831e71",
        "type": "github"
      },
      "original": {
        "owner": "svanderburg",
        "repo": "node2nix",
        "type": "github"
      }
    },
    "poetry2nix": {
      "flake": false,
      "locked": {
        "lastModified": 1632969109,
        "narHash": "sha256-jPDclkkiAy5m2gGLBlKgH+lQtbF7tL4XxBrbSzw+Ioc=",
        "owner": "nix-community",
        "repo": "poetry2nix",
        "rev": "aee8f04296c39d88155e05d25cfc59dfdd41cc77",
        "type": "github"
      },
      "original": {
        "owner": "nix-community",
        "ref": "1.21.0",
        "repo": "poetry2nix",
        "type": "github"
      }
    },
    "root": {
      "inputs": {
        "dream2nix": "dream2nix",
        "mozillapkgs": "mozillapkgs",
        "naersk": "naersk",
        "nixpkgs": "nixpkgs_2",
        "utils": "utils"
      }
    },
    "utils": {
      "locked": {
        "lastModified": 1638122382,
        "narHash": "sha256-sQzZzAbvKEqN9s0bzWuYmRaA03v40gaJ4+iL1LXjaeI=",
        "owner": "numtide",
        "repo": "flake-utils",
        "rev": "74f7e4319258e287b0f9cb95426c9853b282730b",
        "type": "github"
      },
      "original": {
        "owner": "numtide",
        "repo": "flake-utils",
        "type": "github"
      }
    }
  },
  "root": "root",
  "version": 7
}
